// !$*UTF8*$!
{
	archiveVersion = 1;
	classes = {
	};
	objectVersion = 46;
	objects = {

/* Begin PBXBuildFile section */
		E7053DC21CE87D66004ADF56 /* AppDelegate.swift in Sources */ = {isa = PBXBuildFile; fileRef = E7053DC11CE87D66004ADF56 /* AppDelegate.swift */; };
		E7053DC41CE87D66004ADF56 /* Assets.xcassets in Resources */ = {isa = PBXBuildFile; fileRef = E7053DC31CE87D66004ADF56 /* Assets.xcassets */; };
		E7053DC71CE87D66004ADF56 /* MainMenu.xib in Resources */ = {isa = PBXBuildFile; fileRef = E7053DC51CE87D66004ADF56 /* MainMenu.xib */; };
		E7DC1A6F1CE9026A002B0303 /* startup.scpt in Resources */ = {isa = PBXBuildFile; fileRef = E7DC1A6E1CE9026A002B0303 /* startup.scpt */; };
		E7DC1A711CE91850002B0303 /* close.scpt in Resources */ = {isa = PBXBuildFile; fileRef = E7DC1A701CE91850002B0303 /* close.scpt */; };
/* End PBXBuildFile section */

/* Begin PBXFileReference section */
		E7053DBE1CE87D66004ADF56 /* DynamicBG-OSX.app */ = {isa = PBXFileReference; explicitFileType = wrapper.application; includeInIndex = 0; path = "DynamicBG-OSX.app"; sourceTree = BUILT_PRODUCTS_DIR; };
		E7053DC11CE87D66004ADF56 /* AppDelegate.swift */ = {isa = PBXFileReference; lastKnownFileType = sourcecode.swift; path = AppDelegate.swift; sourceTree = "<group>"; };
		E7053DC31CE87D66004ADF56 /* Assets.xcassets */ = {isa = PBXFileReference; lastKnownFileType = folder.assetcatalog; path = Assets.xcassets; sourceTree = "<group>"; };
		E7053DC61CE87D66004ADF56 /* Base */ = {isa = PBXFileReference; lastKnownFileType = file.xib; name = Base; path = Base.lproj/MainMenu.xib; sourceTree = "<group>"; };
		E7053DC81CE87D66004ADF56 /* Info.plist */ = {isa = PBXFileReference; lastKnownFileType = text.plist.xml; path = Info.plist; sourceTree = "<group>"; };
		E7DC1A6E1CE9026A002B0303 /* startup.scpt */ = {isa = PBXFileReference; fileEncoding = 4; lastKnownFileType = text; path = startup.scpt; sourceTree = "<group>"; };
		E7DC1A701CE91850002B0303 /* close.scpt */ = {isa = PBXFileReference; fileEncoding = 4; lastKnownFileType = text; path = close.scpt; sourceTree = "<group>"; };
/* End PBXFileReference section */

/* Begin PBXFrameworksBuildPhase section */
		E7053DBB1CE87D66004ADF56 /* Frameworks */ = {
			isa = PBXFrameworksBuildPhase;
			buildActionMask = 2147483647;
			files = (
			);
			runOnlyForDeploymentPostprocessing = 0;
		};
/* End PBXFrameworksBuildPhase section */

/* Begin PBXGroup section */
		E7053DB51CE87D66004ADF56 = {
			isa = PBXGroup;
			children = (
				E7053DC01CE87D66004ADF56 /* DynamicBG-OSX */,
				E7053DBF1CE87D66004ADF56 /* Products */,
			);
			sourceTree = "<group>";
		};
		E7053DBF1CE87D66004ADF56 /* Products */ = {
			isa = PBXGroup;
			children = (
				E7053DBE1CE87D66004ADF56 /* DynamicBG-OSX.app */,
			);
			name = Products;
			sourceTree = "<group>";
		};
		E7053DC01CE87D66004ADF56 /* DynamicBG-OSX */ = {
			isa = PBXGroup;
			children = (
				E7053DC11CE87D66004ADF56 /* AppDelegate.swift */,
				E7DC1A6E1CE9026A002B0303 /* startup.scpt */,
				E7DC1A701CE91850002B0303 /* close.scpt */,
				E7053DC31CE87D66004ADF56 /* Assets.xcassets */,
				E7053DC51CE87D66004ADF56 /* MainMenu.xib */,
				E7053DC81CE87D66004ADF56 /* Info.plist */,
			);
			path = "DynamicBG-OSX";
			sourceTree = "<group>";
		};
/* End PBXGroup section */

/* Begin PBXNativeTarget section */
		E7053DBD1CE87D66004ADF56 /* DynamicBG-OSX */ = {
			isa = PBXNativeTarget;
			buildConfigurationList = E7053DCB1CE87D66004ADF56 /* Build configuration list for PBXNativeTarget "DynamicBG-OSX" */;
			buildPhases = (
				E7053DBA1CE87D66004ADF56 /* Sources */,
				E7053DBB1CE87D66004ADF56 /* Frameworks */,
				E7053DBC1CE87D66004ADF56 /* Resources */,
			);
			buildRules = (
			);
			dependencies = (
			);
			name = "DynamicBG-OSX";
			productName = "DynamicBG-OSX";
			productReference = E7053DBE1CE87D66004ADF56 /* DynamicBG-OSX.app */;
			productType = "com.apple.product-type.application";
		};
/* End PBXNativeTarget section */

/* Begin PBXProject section */
		E7053DB61CE87D66004ADF56 /* Project object */ = {
			isa = PBXProject;
			attributes = {
				LastSwiftUpdateCheck = 0730;
				LastUpgradeCheck = 0730;
				ORGANIZATIONNAME = "John Rocha";
				TargetAttributes = {
					E7053DBD1CE87D66004ADF56 = {
						CreatedOnToolsVersion = 7.3.1;
					};
				};
			};
			buildConfigurationList = E7053DB91CE87D66004ADF56 /* Build configuration list for PBXProject "DynamicBG-OSX" */;
			compatibilityVersion = "Xcode 3.2";
			developmentRegion = English;
			hasScannedForEncodings = 0;
			knownRegions = (
				en,
				Base,
			);
			mainGroup = E7053DB51CE87D66004ADF56;
			productRefGroup = E7053DBF1CE87D66004ADF56 /* Products */;
			projectDirPath = "";
			projectRoot = "";
			targets = (
				E7053DBD1CE87D66004ADF56 /* DynamicBG-OSX */,
			);
		};
/* End PBXProject section */

/* Begin PBXResourcesBuildPhase section */
		E7053DBC1CE87D66004ADF56 /* Resources */ = {
			isa = PBXResourcesBuildPhase;
			buildActionMask = 2147483647;
			files = (
				E7DC1A711CE91850002B0303 /* close.scpt in Resources */,
				E7053DC41CE87D66004ADF56 /* Assets.xcassets in Resources */,
				E7053DC71CE87D66004ADF56 /* MainMenu.xib in Resources */,
				E7DC1A6F1CE9026A002B0303 /* startup.scpt in Resources */,
			);
			runOnlyForDeploymentPostprocessing = 0;
		};
/* End PBXResourcesBuildPhase section */

/* Begin PBXSourcesBuildPhase section */
		E7053DBA1CE87D66004ADF56 /* Sources */ = {
			isa = PBXSourcesBuildPhase;
			buildActionMask = 2147483647;
			files = (
				E7053DC21CE87D66004ADF56 /* AppDelegate.swift in Sources */,
			);
			runOnlyForDeploymentPostprocessing = 0;
		};
/* End PBXSourcesBuildPhase section */

/* Begin PBXVariantGroup section */
		E7053DC51CE87D66004ADF56 /* MainMenu.xib */ = {
			isa = PBXVariantGroup;
			children = (
				E7053DC61CE87D66004ADF56 /* Base */,
			);
			name = MainMenu.xib;
			sourceTree = "<group>";
		};
/* End PBXVariantGroup section */

/* Begin XCBuildConfiguration section */
		E7053DC91CE87D66004ADF56 /* Debug */ = {
			isa = XCBuildConfiguration;
			buildSettings = {
				ALWAYS_SEARCH_USER_PATHS = NO;
				CLANG_ANALYZER_NONNULL = YES;
				CLANG_CXX_LANGUAGE_STANDARD = "gnu++0x";
				CLANG_CXX_LIBRARY = "libc++";
				CLANG_ENABLE_MODULES = YES;
				CLANG_ENABLE_OBJC_ARC = YES;
				CLANG_WARN_BOOL_CONVERSION = YES;
				CLANG_WARN_CONSTANT_CONVERSION = YES;
				CLANG_WARN_DIRECT_OBJC_ISA_USAGE = YES_ERROR;
				CLANG_WARN_EMPTY_BODY = YES;
				CLANG_WARN_ENUM_CONVERSION = YES;
				CLANG_WARN_INT_CONVERSION = YES;
				CLANG_WARN_OBJC_ROOT_CLASS = YES_ERROR;
				CLANG_WARN_UNREACHABLE_CODE = YES;
				CLANG_WARN__DUPLICATE_METHOD_MATCH = YES;
				CODE_SIGN_IDENTITY = "-";
				COPY_PHASE_STRIP = NO;
				DEBUG_INFORMATION_FORMAT = dwarf;
				ENABLE_STRICT_OBJC_MSGSEND = YES;
				ENABLE_TESTABILITY = YES;
				GCC_C_LANGUAGE_STANDARD = gnu99;
				GCC_DYNAMIC_NO_PIC = NO;
				GCC_NO_COMMON_BLOCKS = YES;
				GCC_OPTIMIZATION_LEVEL = 0;
				GCC_PREPROCESSOR_DEFINITIONS = (
					"DEBUG=1",
					"$(inherited)",
				);
				GCC_WARN_64_TO_32_BIT_CONVERSION = YES;
				GCC_WARN_ABOUT_RETURN_TYPE = YES_ERROR;
				GCC_WARN_UNDECLARED_SELECTOR = YES;
				GCC_WARN_UNINITIALIZED_AUTOS = YES_AGGRESSIVE;
				GCC_WARN_UNUSED_FUNCTION = YES;
				GCC_WARN_UNUSED_VARIABLE = YES;
				MACOSX_DEPLOYMENT_TARGET = 10.11;
				MTL_ENABLE_DEBUG_INFO = YES;
				ONLY_ACTIVE_ARCH = YES;
				SDKROOT = macosx;
				SWIFT_OPTIMIZATION_LEVEL = "-Onone";
			};
			name = Debug;
		};
		E7053DCA1CE87D66004ADF56 /* Release */ = {
			isa = XCBuildConfiguration;
			buildSettings = {
				ALWAYS_SEARCH_USER_PATHS = NO;
				CLANG_ANALYZER_NONNULL = YES;
				CLANG_CXX_LANGUAGE_STANDARD = "gnu++0x";
				CLANG_CXX_LIBRARY = "libc++";
				CLANG_ENABLE_MODULES = YES;
				CLANG_ENABLE_OBJC_ARC = YES;
				CLANG_WARN_BOOL_CONVERSION = YES;
				CLANG_WARN_CONSTANT_CONVERSION = YES;
				CLANG_WARN_DIRECT_OBJC_ISA_USAGE = YES_ERROR;
				CLANG_WARN_EMPTY_BODY = YES;
				CLANG_WARN_ENUM_CONVERSION = YES;
				CLANG_WARN_INT_CONVERSION = YES;
				CLANG_WARN_OBJC_ROOT_CLASS = YES_ERROR;
				CLANG_WARN_UNREACHABLE_CODE = YES;
				CLANG_WARN__DUPLICATE_METHOD_MATCH = YES;
				CODE_SIGN_IDENTITY = "-";
				COPY_PHASE_STRIP = NO;
				DEBUG_INFORMATION_FORMAT = "dwarf-with-dsym";
				ENABLE_NS_ASSERTIONS = NO;
				ENABLE_STRICT_OBJC_MSGSEND = YES;
				GCC_C_LANGUAGE_STANDARD = gnu99;
				GCC_NO_COMMON_BLOCKS = YES;
				GCC_WARN_64_TO_32_BIT_CONVERSION = YES;
				GCC_WARN_ABOUT_RETURN_TYPE = YES_ERROR;
				GCC_WARN_UNDECLARED_SELECTOR = YES;
				GCC_WARN_UNINITIALIZED_AUTOS = YES_AGGRESSIVE;
				GCC_WARN_UNUSED_FUNCTION = YES;
				GCC_WARN_UNUSED_VARIABLE = YES;
				MACOSX_DEPLOYMENT_TARGET = 10.11;
				MTL_ENABLE_DEBUG_INFO = NO;
				SDKROOT = macosx;
			};
			name = Release;
		};
		E7053DCC1CE87D66004ADF56 /* Debug */ = {
			isa = XCBuildConfiguration;
			buildSettings = {
				ASSETCATALOG_COMPILER_APPICON_NAME = AppIcon;
				COMBINE_HIDPI_IMAGES = YES;
				INFOPLIST_FILE = "DynamicBG-OSX/Info.plist";
				LD_RUNPATH_SEARCH_PATHS = "$(inherited) @executable_path/../Frameworks";
				PRODUCT_BUNDLE_IDENTIFIER = "jrocha2.DynamicBG-OSX";
				PRODUCT_NAME = "$(TARGET_NAME)";
			};
			name = Debug;
		};
		E7053DCD1CE87D66004ADF56 /* Release */ = {
			isa = XCBuildConfiguration;
			buildSettings = {
				ASSETCATALOG_COMPILER_APPICON_NAME = AppIcon;
				COMBINE_HIDPI_IMAGES = YES;
				INFOPLIST_FILE = "DynamicBG-OSX/Info.plist";
				LD_RUNPATH_SEARCH_PATHS = "$(inherited) @executable_path/../Frameworks";
				PRODUCT_BUNDLE_IDENTIFIER = "jrocha2.DynamicBG-OSX";
				PRODUCT_NAME = "$(TARGET_NAME)";
			};
			name = Release;
		};
/* End XCBuildConfiguration section */

/* Begin XCConfigurationList section */
		E7053DB91CE87D66004ADF56 /* Build configuration list for PBXProject "DynamicBG-OSX" */ = {
			isa = XCConfigurationList;
			buildConfigurations = (
				E7053DC91CE87D66004ADF56 /* Debug */,
				E7053DCA1CE87D66004ADF56 /* Release */,
			);
			defaultConfigurationIsVisible = 0;
			defaultConfigurationName = Release;
		};
		E7053DCB1CE87D66004ADF56 /* Build configuration list for PBXNativeTarget "DynamicBG-OSX" */ = {
			isa = XCConfigurationList;
			buildConfigurations = (
				E7053DCC1CE87D66004ADF56 /* Debug */,
				E7053DCD1CE87D66004ADF56 /* Release */,
			);
			defaultConfigurationIsVisible = 0;
			defaultConfigurationName = Release;
		};
/* End XCConfigurationList section */
	};
	rootObject = E7053DB61CE87D66004ADF56 /* Project object */;
}
